
Microsoft Visual Studio Solution File, Format Version 12.00
Project("{FAE04EC0-301F-11D3-BF4B-00C04F79EFBC}") = "VPet.Plugin.YiBaoKa", "VPet.Plugin.YiBaoKa\VPet.Plugin.YiBaoKa.csproj", "{B67B4CEF-416B-45CE-AB7B-EC46A99A427C}"
EndProject
Global
	GlobalSection(SolutionConfigurationPlatforms) = preSolution
		Debug|Any CPU = Debug|Any CPU
		Release|Any CPU = Release|Any CPU
	EndGlobalSection
	GlobalSection(ProjectConfigurationPlatforms) = postSolution
		{B67B4CEF-416B-45CE-AB7B-EC46A99A427C}.Debug|Any CPU.ActiveCfg = Debug|Any CPU
		{B67B4CEF-416B-45CE-AB7B-EC46A99A427C}.Debug|Any CPU.Build.0 = Debug|Any CPU
		{B67B4CEF-416B-45CE-AB7B-EC46A99A427C}.Release|Any CPU.ActiveCfg = Release|Any CPU
		{B67B4CEF-416B-45CE-AB7B-EC46A99A427C}.Release|Any CPU.Build.0 = Release|Any CPU
	EndGlobalSection
EndGlobal
